
Microsoft Visual Studio Solution File, Format Version 12.00
# Visual Studio Version 16
VisualStudioVersion = 16.0.33328.57
MinimumVisualStudioVersion = 10.0.40219.1
Project("{FAE04EC0-301F-11D3-BF4B-00C04F79EFBC}") = "App2", "App2\App2.csproj", "{2C3CDAA8-DAE8-4A6E-B24F-14BE9DF5AB3D}"
EndProject
Project("{FAE04EC0-301F-11D3-BF4B-00C04F79EFBC}") = "GameEnginer", "GameEnginer\GameEnginer.csproj", "{0377C171-064E-414A-992F-6ACF404054FC}"
EndProject
Project("{FAE04EC0-301F-11D3-BF4B-00C04F79EFBC}") = "DataBaseProject", "DataBaseProject\DataBaseProject.csproj", "{967ADC54-669C-41BD-B54F-667513DC7A0E}"
EndProject
Global
	GlobalSection(SolutionConfigurationPlatforms) = preSolution
		Debug|Any CPU = Debug|Any CPU
		Debug|ARM = Debug|ARM
		Debug|ARM64 = Debug|ARM64
		Debug|x64 = Debug|x64
		Debug|x86 = Debug|x86
		Release|Any CPU = Release|Any CPU
		Release|ARM = Release|ARM
		Release|ARM64 = Release|ARM64
		Release|x64 = Release|x64
		Release|x86 = Release|x86
	EndGlobalSection
	GlobalSection(ProjectConfigurationPlatforms) = postSolution
		{2C3CDAA8-DAE8-4A6E-B24F-14BE9DF5AB3D}.Debug|Any CPU.ActiveCfg = Debug|x86
		{2C3CDAA8-DAE8-4A6E-B24F-14BE9DF5AB3D}.Debug|Any CPU.Build.0 = Debug|x86
		{2C3CDAA8-DAE8-4A6E-B24F-14BE9DF5AB3D}.Debug|Any CPU.Deploy.0 = Debug|x86
		{2C3CDAA8-DAE8-4A6E-B24F-14BE9DF5AB3D}.Debug|ARM.ActiveCfg = Debug|ARM
		{2C3CDAA8-DAE8-4A6E-B24F-14BE9DF5AB3D}.Debug|ARM.Build.0 = Debug|ARM
		{2C3CDAA8-DAE8-4A6E-B24F-14BE9DF5AB3D}.Debug|ARM.Deploy.0 = Debug|ARM
		{2C3CDAA8-DAE8-4A6E-B24F-14BE9DF5AB3D}.Debug|ARM64.ActiveCfg = Debug|ARM64
		{2C3CDAA8-DAE8-4A6E-B24F-14BE9DF5AB3D}.Debug|ARM64.Build.0 = Debug|ARM64
		{2C3CDAA8-DAE8-4A6E-B24F-14BE9DF5AB3D}.Debug|ARM64.Deploy.0 = Debug|ARM64
		{2C3CDAA8-DAE8-4A6E-B24F-14BE9DF5AB3D}.Debug|x64.ActiveCfg = Debug|x64
		{2C3CDAA8-DAE8-4A6E-B24F-14BE9DF5AB3D}.Debug|x64.Build.0 = Debug|x64
		{2C3CDAA8-DAE8-4A6E-B24F-14BE9DF5AB3D}.Debug|x64.Deploy.0 = Debug|x64
		{2C3CDAA8-DAE8-4A6E-B24F-14BE9DF5AB3D}.Debug|x86.ActiveCfg = Debug|x86
		{2C3CDAA8-DAE8-4A6E-B24F-14BE9DF5AB3D}.Debug|x86.Build.0 = Debug|x86
		{2C3CDAA8-DAE8-4A6E-B24F-14BE9DF5AB3D}.Debug|x86.Deploy.0 = Debug|x86
		{2C3CDAA8-DAE8-4A6E-B24F-14BE9DF5AB3D}.Release|Any CPU.ActiveCfg = Release|x86
		{2C3CDAA8-DAE8-4A6E-B24F-14BE9DF5AB3D}.Release|Any CPU.Build.0 = Release|x86
		{2C3CDAA8-DAE8-4A6E-B24F-14BE9DF5AB3D}.Release|Any CPU.Deploy.0 = Release|x86
		{2C3CDAA8-DAE8-4A6E-B24F-14BE9DF5AB3D}.Release|ARM.ActiveCfg = Release|ARM
		{2C3CDAA8-DAE8-4A6E-B24F-14BE9DF5AB3D}.Release|ARM.Build.0 = Release|ARM
		{2C3CDAA8-DAE8-4A6E-B24F-14BE9DF5AB3D}.Release|ARM.Deploy.0 = Release|ARM
		{2C3CDAA8-DAE8-4A6E-B24F-14BE9DF5AB3D}.Release|ARM64.ActiveCfg = Release|ARM64
		{2C3CDAA8-DAE8-4A6E-B24F-14BE9DF5AB3D}.Release|ARM64.Build.0 = Release|ARM64
		{2C3CDAA8-DAE8-4A6E-B24F-14BE9DF5AB3D}.Release|ARM64.Deploy.0 = Release|ARM64
		{2C3CDAA8-DAE8-4A6E-B24F-14BE9DF5AB3D}.Release|x64.ActiveCfg = Release|x64
		{2C3CDAA8-DAE8-4A6E-B24F-14BE9DF5AB3D}.Release|x64.Build.0 = Release|x64
		{2C3CDAA8-DAE8-4A6E-B24F-14BE9DF5AB3D}.Release|x64.Deploy.0 = Release|x64
		{2C3CDAA8-DAE8-4A6E-B24F-14BE9DF5AB3D}.Release|x86.ActiveCfg = Release|x86
		{2C3CDAA8-DAE8-4A6E-B24F-14BE9DF5AB3D}.Release|x86.Build.0 = Release|x86
		{2C3CDAA8-DAE8-4A6E-B24F-14BE9DF5AB3D}.Release|x86.Deploy.0 = Release|x86
		{0377C171-064E-414A-992F-6ACF404054FC}.Debug|Any CPU.ActiveCfg = Debug|Any CPU
		{0377C171-064E-414A-992F-6ACF404054FC}.Debug|Any CPU.Build.0 = Debug|Any CPU
		{0377C171-064E-414A-992F-6ACF404054FC}.Debug|ARM.ActiveCfg = Debug|ARM
		{0377C171-064E-414A-992F-6ACF404054FC}.Debug|ARM.Build.0 = Debug|ARM
		{0377C171-064E-414A-992F-6ACF404054FC}.Debug|ARM64.ActiveCfg = Debug|ARM64
		{0377C171-064E-414A-992F-6ACF404054FC}.Debug|ARM64.Build.0 = Debug|ARM64
		{0377C171-064E-414A-992F-6ACF404054FC}.Debug|x64.ActiveCfg = Debug|x64
		{0377C171-064E-414A-992F-6ACF404054FC}.Debug|x64.Build.0 = Debug|x64
		{0377C171-064E-414A-992F-6ACF404054FC}.Debug|x86.ActiveCfg = Debug|x86
		{0377C171-064E-414A-992F-6ACF404054FC}.Debug|x86.Build.0 = Debug|x86
		{0377C171-064E-414A-992F-6ACF404054FC}.Release|Any CPU.ActiveCfg = Release|Any CPU
		{0377C171-064E-414A-992F-6ACF404054FC}.Release|Any CPU.Build.0 = Release|Any CPU
		{0377C171-064E-414A-992F-6ACF404054FC}.Release|ARM.ActiveCfg = Release|ARM
		{0377C171-064E-414A-992F-6ACF404054FC}.Release|ARM.Build.0 = Release|ARM
		{0377C171-064E-414A-992F-6ACF404054FC}.Release|ARM64.ActiveCfg = Release|ARM64
		{0377C171-064E-414A-992F-6ACF404054FC}.Release|ARM64.Build.0 = Release|ARM64
		{0377C171-064E-414A-992F-6ACF404054FC}.Release|x64.ActiveCfg = Release|x64
		{0377C171-064E-414A-992F-6ACF404054FC}.Release|x64.Build.0 = Release|x64
		{0377C171-064E-414A-992F-6ACF404054FC}.Release|x86.ActiveCfg = Release|x86
		{0377C171-064E-414A-992F-6ACF404054FC}.Release|x86.Build.0 = Release|x86
		{967ADC54-669C-41BD-B54F-667513DC7A0E}.Debug|Any CPU.ActiveCfg = Debug|Any CPU
		{967ADC54-669C-41BD-B54F-667513DC7A0E}.Debug|Any CPU.Build.0 = Debug|Any CPU
		{967ADC54-669C-41BD-B54F-667513DC7A0E}.Debug|ARM.ActiveCfg = Debug|ARM
		{967ADC54-669C-41BD-B54F-667513DC7A0E}.Debug|ARM.Build.0 = Debug|ARM
		{967ADC54-669C-41BD-B54F-667513DC7A0E}.Debug|ARM64.ActiveCfg = Debug|ARM64
		{967ADC54-669C-41BD-B54F-667513DC7A0E}.Debug|ARM64.Build.0 = Debug|ARM64
		{967ADC54-669C-41BD-B54F-667513DC7A0E}.Debug|x64.ActiveCfg = Debug|x64
		{967ADC54-669C-41BD-B54F-667513DC7A0E}.Debug|x64.Build.0 = Debug|x64
		{967ADC54-669C-41BD-B54F-667513DC7A0E}.Debug|x86.ActiveCfg = Debug|x86
		{967ADC54-669C-41BD-B54F-667513DC7A0E}.Debug|x86.Build.0 = Debug|x86
		{967ADC54-669C-41BD-B54F-667513DC7A0E}.Release|Any CPU.ActiveCfg = Release|Any CPU
		{967ADC54-669C-41BD-B54F-667513DC7A0E}.Release|Any CPU.Build.0 = Release|Any CPU
		{967ADC54-669C-41BD-B54F-667513DC7A0E}.Release|ARM.ActiveCfg = Release|ARM
		{967ADC54-669C-41BD-B54F-667513DC7A0E}.Release|ARM.Build.0 = Release|ARM
		{967ADC54-669C-41BD-B54F-667513DC7A0E}.Release|ARM64.ActiveCfg = Release|ARM64
		{967ADC54-669C-41BD-B54F-667513DC7A0E}.Release|ARM64.Build.0 = Release|ARM64
		{967ADC54-669C-41BD-B54F-667513DC7A0E}.Release|x64.ActiveCfg = Release|x64
		{967ADC54-669C-41BD-B54F-667513DC7A0E}.Release|x64.Build.0 = Release|x64
		{967ADC54-669C-41BD-B54F-667513DC7A0E}.Release|x86.ActiveCfg = Release|x86
		{967ADC54-669C-41BD-B54F-667513DC7A0E}.Release|x86.Build.0 = Release|x86
	EndGlobalSection
	GlobalSection(SolutionProperties) = preSolution
		HideSolutionNode = FALSE
	EndGlobalSection
	GlobalSection(ExtensibilityGlobals) = postSolution
		SolutionGuid = {B1E304A0-763F-4A62-97C3-A2A6ECA2C429}
	EndGlobalSection
EndGlobal
